
Microsoft Visual Studio Solution File, Format Version 12.00
# Visual Studio Version 16
VisualStudioVersion = 16.0.30320.27
MinimumVisualStudioVersion = 10.0.40219.1
Project("{FAE04EC0-301F-11D3-BF4B-00C04F79EFBC}") = "IssueTracker", "IssueTracker\IssueTracker.csproj", "{AF15350D-3CD3-4E18-BF42-E6385C36FEEE}"
EndProject
Global
	GlobalSection(SolutionConfigurationPlatforms) = preSolution
		Debug|Any CPU = Debug|Any CPU
		Release|Any CPU = Release|Any CPU
	EndGlobalSection
	GlobalSection(ProjectConfigurationPlatforms) = postSolution
		{AF15350D-3CD3-4E18-BF42-E6385C36FEEE}.Debug|Any CPU.ActiveCfg = Debug|Any CPU
		{AF15350D-3CD3-4E18-BF42-E6385C36FEEE}.Debug|Any CPU.Build.0 = Debug|Any CPU
		{AF15350D-3CD3-4E18-BF42-E6385C36FEEE}.Release|Any CPU.ActiveCfg = Release|Any CPU
		{AF15350D-3CD3-4E18-BF42-E6385C36FEEE}.Release|Any CPU.Build.0 = Release|Any CPU
	EndGlobalSection
	GlobalSection(SolutionProperties) = preSolution
		HideSolutionNode = FALSE
	EndGlobalSection
	GlobalSection(ExtensibilityGlobals) = postSolution
		SolutionGuid = {1D9CA570-FEED-4D79-B2C6-75D8EADA33EE}
	EndGlobalSection
EndGlobal
